// !$*UTF8*$!
{
	archiveVersion = 1;
	classes = {
	};
	objectVersion = 56;
	objects = {

/* Begin PBXBuildFile section */
		9AFA213129F76A9B0070BA3E /* CashflowApp.swift in Sources */ = {isa = PBXBuildFile; fileRef = 9AFA213029F76A9B0070BA3E /* CashflowApp.swift */; };
		9AFA213329F76A9B0070BA3E /* ContentView.swift in Sources */ = {isa = PBXBuildFile; fileRef = 9AFA213229F76A9B0070BA3E /* ContentView.swift */; };
		9AFA213529F76A9C0070BA3E /* Assets.xcassets in Resources */ = {isa = PBXBuildFile; fileRef = 9AFA213429F76A9C0070BA3E /* Assets.xcassets */; };
		9AFA213829F76A9C0070BA3E /* Preview Assets.xcassets in Resources */ = {isa = PBXBuildFile; fileRef = 9AFA213729F76A9C0070BA3E /* Preview Assets.xcassets */; };
		9AFA213F29F770ED0070BA3E /* Extensions.swift in Sources */ = {isa = PBXBuildFile; fileRef = 9AFA213E29F770ED0070BA3E /* Extensions.swift */; };
		9AFA214129F899E40070BA3E /* TransactionModel.swift in Sources */ = {isa = PBXBuildFile; fileRef = 9AFA214029F899E40070BA3E /* TransactionModel.swift */; };
		9AFA214329F89C580070BA3E /* PreviewData.swift in Sources */ = {isa = PBXBuildFile; fileRef = 9AFA214229F89C580070BA3E /* PreviewData.swift */; };
		9AFA214529F89D990070BA3E /* TransactionRow.swift in Sources */ = {isa = PBXBuildFile; fileRef = 9AFA214429F89D990070BA3E /* TransactionRow.swift */; };
		9AFA214829F8A5BF0070BA3E /* SwiftUIFontIcon in Frameworks */ = {isa = PBXBuildFile; productRef = 9AFA214729F8A5BF0070BA3E /* SwiftUIFontIcon */; };
		9AFA214A29F9EBCD0070BA3E /* TransactionListViewModel.swift in Sources */ = {isa = PBXBuildFile; fileRef = 9AFA214929F9EBCD0070BA3E /* TransactionListViewModel.swift */; };
		9AFA214C29FA3B840070BA3E /* RecentTransactionList.swift in Sources */ = {isa = PBXBuildFile; fileRef = 9AFA214B29FA3B840070BA3E /* RecentTransactionList.swift */; };
		9AFA214E29FB2B6B0070BA3E /* TransactionList.swift in Sources */ = {isa = PBXBuildFile; fileRef = 9AFA214D29FB2B6B0070BA3E /* TransactionList.swift */; };
		9AFA215129FB35FB0070BA3E /* Collections in Frameworks */ = {isa = PBXBuildFile; productRef = 9AFA215029FB35FB0070BA3E /* Collections */; };
		9AFA215429FB37710070BA3E /* SwiftUICharts in Frameworks */ = {isa = PBXBuildFile; productRef = 9AFA215329FB37710070BA3E /* SwiftUICharts */; };
/* End PBXBuildFile section */

/* Begin PBXFileReference section */
		9AFA212D29F76A9B0070BA3E /* Cashflow.app */ = {isa = PBXFileReference; explicitFileType = wrapper.application; includeInIndex = 0; path = Cashflow.app; sourceTree = BUILT_PRODUCTS_DIR; };
		9AFA213029F76A9B0070BA3E /* CashflowApp.swift */ = {isa = PBXFileReference; lastKnownFileType = sourcecode.swift; path = CashflowApp.swift; sourceTree = "<group>"; };
		9AFA213229F76A9B0070BA3E /* ContentView.swift */ = {isa = PBXFileReference; lastKnownFileType = sourcecode.swift; path = ContentView.swift; sourceTree = "<group>"; };
		9AFA213429F76A9C0070BA3E /* Assets.xcassets */ = {isa = PBXFileReference; lastKnownFileType = folder.assetcatalog; path = Assets.xcassets; sourceTree = "<group>"; };
		9AFA213729F76A9C0070BA3E /* Preview Assets.xcassets */ = {isa = PBXFileReference; lastKnownFileType = folder.assetcatalog; path = "Preview Assets.xcassets"; sourceTree = "<group>"; };
		9AFA213E29F770ED0070BA3E /* Extensions.swift */ = {isa = PBXFileReference; lastKnownFileType = sourcecode.swift; path = Extensions.swift; sourceTree = "<group>"; };
		9AFA214029F899E40070BA3E /* TransactionModel.swift */ = {isa = PBXFileReference; lastKnownFileType = sourcecode.swift; path = TransactionModel.swift; sourceTree = "<group>"; };
		9AFA214229F89C580070BA3E /* PreviewData.swift */ = {isa = PBXFileReference; lastKnownFileType = sourcecode.swift; path = PreviewData.swift; sourceTree = "<group>"; };
		9AFA214429F89D990070BA3E /* TransactionRow.swift */ = {isa = PBXFileReference; lastKnownFileType = sourcecode.swift; path = TransactionRow.swift; sourceTree = "<group>"; };
		9AFA214929F9EBCD0070BA3E /* TransactionListViewModel.swift */ = {isa = PBXFileReference; lastKnownFileType = sourcecode.swift; path = TransactionListViewModel.swift; sourceTree = "<group>"; };
		9AFA214B29FA3B840070BA3E /* RecentTransactionList.swift */ = {isa = PBXFileReference; lastKnownFileType = sourcecode.swift; path = RecentTransactionList.swift; sourceTree = "<group>"; };
		9AFA214D29FB2B6B0070BA3E /* TransactionList.swift */ = {isa = PBXFileReference; lastKnownFileType = sourcecode.swift; path = TransactionList.swift; sourceTree = "<group>"; };
/* End PBXFileReference section */

/* Begin PBXFrameworksBuildPhase section */
		9AFA212A29F76A9A0070BA3E /* Frameworks */ = {
			isa = PBXFrameworksBuildPhase;
			buildActionMask = 2147483647;
			files = (
				9AFA215429FB37710070BA3E /* SwiftUICharts in Frameworks */,
				9AFA215129FB35FB0070BA3E /* Collections in Frameworks */,
				9AFA214829F8A5BF0070BA3E /* SwiftUIFontIcon in Frameworks */,
			);
			runOnlyForDeploymentPostprocessing = 0;
		};
/* End PBXFrameworksBuildPhase section */

/* Begin PBXGroup section */
		9AFA212429F76A9A0070BA3E = {
			isa = PBXGroup;
			children = (
				9AFA212F29F76A9B0070BA3E /* Cashflow */,
				9AFA212E29F76A9B0070BA3E /* Products */,
			);
			sourceTree = "<group>";
		};
		9AFA212E29F76A9B0070BA3E /* Products */ = {
			isa = PBXGroup;
			children = (
				9AFA212D29F76A9B0070BA3E /* Cashflow.app */,
			);
			name = Products;
			sourceTree = "<group>";
		};
		9AFA212F29F76A9B0070BA3E /* Cashflow */ = {
			isa = PBXGroup;
			children = (
				9AFA213029F76A9B0070BA3E /* CashflowApp.swift */,
				9AFA213229F76A9B0070BA3E /* ContentView.swift */,
				9AFA214429F89D990070BA3E /* TransactionRow.swift */,
				9AFA214929F9EBCD0070BA3E /* TransactionListViewModel.swift */,
				9AFA214B29FA3B840070BA3E /* RecentTransactionList.swift */,
				9AFA214D29FB2B6B0070BA3E /* TransactionList.swift */,
				9AFA214029F899E40070BA3E /* TransactionModel.swift */,
				9AFA213E29F770ED0070BA3E /* Extensions.swift */,
				9AFA213429F76A9C0070BA3E /* Assets.xcassets */,
				9AFA213629F76A9C0070BA3E /* Preview Content */,
			);
			path = Cashflow;
			sourceTree = "<group>";
		};
		9AFA213629F76A9C0070BA3E /* Preview Content */ = {
			isa = PBXGroup;
			children = (
				9AFA213729F76A9C0070BA3E /* Preview Assets.xcassets */,
				9AFA214229F89C580070BA3E /* PreviewData.swift */,
			);
			path = "Preview Content";
			sourceTree = "<group>";
		};
/* End PBXGroup section */

/* Begin PBXNativeTarget section */
		9AFA212C29F76A9A0070BA3E /* Cashflow */ = {
			isa = PBXNativeTarget;
			buildConfigurationList = 9AFA213B29F76A9C0070BA3E /* Build configuration list for PBXNativeTarget "Cashflow" */;
			buildPhases = (
				9AFA212929F76A9A0070BA3E /* Sources */,
				9AFA212A29F76A9A0070BA3E /* Frameworks */,
				9AFA212B29F76A9A0070BA3E /* Resources */,
			);
			buildRules = (
			);
			dependencies = (
			);
			name = Cashflow;
			packageProductDependencies = (
				9AFA214729F8A5BF0070BA3E /* SwiftUIFontIcon */,
				9AFA215029FB35FB0070BA3E /* Collections */,
				9AFA215329FB37710070BA3E /* SwiftUICharts */,
			);
			productName = Cashflow;
			productReference = 9AFA212D29F76A9B0070BA3E /* Cashflow.app */;
			productType = "com.apple.product-type.application";
		};
/* End PBXNativeTarget section */

/* Begin PBXProject section */
		9AFA212529F76A9A0070BA3E /* Project object */ = {
			isa = PBXProject;
			attributes = {
				BuildIndependentTargetsInParallel = 1;
				LastSwiftUpdateCheck = 1430;
				LastUpgradeCheck = 1430;
				TargetAttributes = {
					9AFA212C29F76A9A0070BA3E = {
						CreatedOnToolsVersion = 14.3;
					};
				};
			};
			buildConfigurationList = 9AFA212829F76A9A0070BA3E /* Build configuration list for PBXProject "Cashflow" */;
			compatibilityVersion = "Xcode 14.0";
			developmentRegion = en;
			hasScannedForEncodings = 0;
			knownRegions = (
				en,
				Base,
			);
			mainGroup = 9AFA212429F76A9A0070BA3E;
			packageReferences = (
				9AFA214629F8A5BF0070BA3E /* XCRemoteSwiftPackageReference "SwiftUIFontIcon" */,
				9AFA214F29FB35FB0070BA3E /* XCRemoteSwiftPackageReference "swift-collections" */,
				9AFA215229FB37710070BA3E /* XCRemoteSwiftPackageReference "ChartView" */,
			);
			productRefGroup = 9AFA212E29F76A9B0070BA3E /* Products */;
			projectDirPath = "";
			projectRoot = "";
			targets = (
				9AFA212C29F76A9A0070BA3E /* Cashflow */,
			);
		};
/* End PBXProject section */

/* Begin PBXResourcesBuildPhase section */
		9AFA212B29F76A9A0070BA3E /* Resources */ = {
			isa = PBXResourcesBuildPhase;
			buildActionMask = 2147483647;
			files = (
				9AFA213829F76A9C0070BA3E /* Preview Assets.xcassets in Resources */,
				9AFA213529F76A9C0070BA3E /* Assets.xcassets in Resources */,
			);
			runOnlyForDeploymentPostprocessing = 0;
		};
/* End PBXResourcesBuildPhase section */

/* Begin PBXSourcesBuildPhase section */
		9AFA212929F76A9A0070BA3E /* Sources */ = {
			isa = PBXSourcesBuildPhase;
			buildActionMask = 2147483647;
			files = (
				9AFA214329F89C580070BA3E /* PreviewData.swift in Sources */,
				9AFA214E29FB2B6B0070BA3E /* TransactionList.swift in Sources */,
				9AFA214C29FA3B840070BA3E /* RecentTransactionList.swift in Sources */,
				9AFA214129F899E40070BA3E /* TransactionModel.swift in Sources */,
				9AFA213329F76A9B0070BA3E /* ContentView.swift in Sources */,
				9AFA214529F89D990070BA3E /* TransactionRow.swift in Sources */,
				9AFA213F29F770ED0070BA3E /* Extensions.swift in Sources */,
				9AFA214A29F9EBCD0070BA3E /* TransactionListViewModel.swift in Sources */,
				9AFA213129F76A9B0070BA3E /* CashflowApp.swift in Sources */,
			);
			runOnlyForDeploymentPostprocessing = 0;
		};
/* End PBXSourcesBuildPhase section */

/* Begin XCBuildConfiguration section */
		9AFA213929F76A9C0070BA3E /* Debug */ = {
			isa = XCBuildConfiguration;
			buildSettings = {
				ALWAYS_SEARCH_USER_PATHS = NO;
				CLANG_ANALYZER_NONNULL = YES;
				CLANG_ANALYZER_NUMBER_OBJECT_CONVERSION = YES_AGGRESSIVE;
				CLANG_CXX_LANGUAGE_STANDARD = "gnu++20";
				CLANG_ENABLE_MODULES = YES;
				CLANG_ENABLE_OBJC_ARC = YES;
				CLANG_ENABLE_OBJC_WEAK = YES;
				CLANG_WARN_BLOCK_CAPTURE_AUTORELEASING = YES;
				CLANG_WARN_BOOL_CONVERSION = YES;
				CLANG_WARN_COMMA = YES;
				CLANG_WARN_CONSTANT_CONVERSION = YES;
				CLANG_WARN_DEPRECATED_OBJC_IMPLEMENTATIONS = YES;
				CLANG_WARN_DIRECT_OBJC_ISA_USAGE = YES_ERROR;
				CLANG_WARN_DOCUMENTATION_COMMENTS = YES;
				CLANG_WARN_EMPTY_BODY = YES;
				CLANG_WARN_ENUM_CONVERSION = YES;
				CLANG_WARN_INFINITE_RECURSION = YES;
				CLANG_WARN_INT_CONVERSION = YES;
				CLANG_WARN_NON_LITERAL_NULL_CONVERSION = YES;
				CLANG_WARN_OBJC_IMPLICIT_RETAIN_SELF = YES;
				CLANG_WARN_OBJC_LITERAL_CONVERSION = YES;
				CLANG_WARN_OBJC_ROOT_CLASS = YES_ERROR;
				CLANG_WARN_QUOTED_INCLUDE_IN_FRAMEWORK_HEADER = YES;
				CLANG_WARN_RANGE_LOOP_ANALYSIS = YES;
				CLANG_WARN_STRICT_PROTOTYPES = YES;
				CLANG_WARN_SUSPICIOUS_MOVE = YES;
				CLANG_WARN_UNGUARDED_AVAILABILITY = YES_AGGRESSIVE;
				CLANG_WARN_UNREACHABLE_CODE = YES;
				CLANG_WARN__DUPLICATE_METHOD_MATCH = YES;
				COPY_PHASE_STRIP = NO;
				DEBUG_INFORMATION_FORMAT = dwarf;
				ENABLE_STRICT_OBJC_MSGSEND = YES;
				ENABLE_TESTABILITY = YES;
				GCC_C_LANGUAGE_STANDARD = gnu11;
				GCC_DYNAMIC_NO_PIC = NO;
				GCC_NO_COMMON_BLOCKS = YES;
				GCC_OPTIMIZATION_LEVEL = 0;
				GCC_PREPROCESSOR_DEFINITIONS = (
					"DEBUG=1",
					"$(inherited)",
				);
				GCC_WARN_64_TO_32_BIT_CONVERSION = YES;
				GCC_WARN_ABOUT_RETURN_TYPE = YES_ERROR;
				GCC_WARN_UNDECLARED_SELECTOR = YES;
				GCC_WARN_UNINITIALIZED_AUTOS = YES_AGGRESSIVE;
				GCC_WARN_UNUSED_FUNCTION = YES;
				GCC_WARN_UNUSED_VARIABLE = YES;
				IPHONEOS_DEPLOYMENT_TARGET = 16.4;
				MTL_ENABLE_DEBUG_INFO = INCLUDE_SOURCE;
				MTL_FAST_MATH = YES;
				ONLY_ACTIVE_ARCH = YES;
				SDKROOT = iphoneos;
				SWIFT_ACTIVE_COMPILATION_CONDITIONS = DEBUG;
				SWIFT_OPTIMIZATION_LEVEL = "-Onone";
			};
			name = Debug;
		};
		9AFA213A29F76A9C0070BA3E /* Release */ = {
			isa = XCBuildConfiguration;
			buildSettings = {
				ALWAYS_SEARCH_USER_PATHS = NO;
				CLANG_ANALYZER_NONNULL = YES;
				CLANG_ANALYZER_NUMBER_OBJECT_CONVERSION = YES_AGGRESSIVE;
				CLANG_CXX_LANGUAGE_STANDARD = "gnu++20";
				CLANG_ENABLE_MODULES = YES;
				CLANG_ENABLE_OBJC_ARC = YES;
				CLANG_ENABLE_OBJC_WEAK = YES;
				CLANG_WARN_BLOCK_CAPTURE_AUTORELEASING = YES;
				CLANG_WARN_BOOL_CONVERSION = YES;
				CLANG_WARN_COMMA = YES;
				CLANG_WARN_CONSTANT_CONVERSION = YES;
				CLANG_WARN_DEPRECATED_OBJC_IMPLEMENTATIONS = YES;
				CLANG_WARN_DIRECT_OBJC_ISA_USAGE = YES_ERROR;
				CLANG_WARN_DOCUMENTATION_COMMENTS = YES;
				CLANG_WARN_EMPTY_BODY = YES;
				CLANG_WARN_ENUM_CONVERSION = YES;
				CLANG_WARN_INFINITE_RECURSION = YES;
				CLANG_WARN_INT_CONVERSION = YES;
				CLANG_WARN_NON_LITERAL_NULL_CONVERSION = YES;
				CLANG_WARN_OBJC_IMPLICIT_RETAIN_SELF = YES;
				CLANG_WARN_OBJC_LITERAL_CONVERSION = YES;
				CLANG_WARN_OBJC_ROOT_CLASS = YES_ERROR;
				CLANG_WARN_QUOTED_INCLUDE_IN_FRAMEWORK_HEADER = YES;
				CLANG_WARN_RANGE_LOOP_ANALYSIS = YES;
				CLANG_WARN_STRICT_PROTOTYPES = YES;
				CLANG_WARN_SUSPICIOUS_MOVE = YES;
				CLANG_WARN_UNGUARDED_AVAILABILITY = YES_AGGRESSIVE;
				CLANG_WARN_UNREACHABLE_CODE = YES;
				CLANG_WARN__DUPLICATE_METHOD_MATCH = YES;
				COPY_PHASE_STRIP = NO;
				DEBUG_INFORMATION_FORMAT = "dwarf-with-dsym";
				ENABLE_NS_ASSERTIONS = NO;
				ENABLE_STRICT_OBJC_MSGSEND = YES;
				GCC_C_LANGUAGE_STANDARD = gnu11;
				GCC_NO_COMMON_BLOCKS = YES;
				GCC_WARN_64_TO_32_BIT_CONVERSION = YES;
				GCC_WARN_ABOUT_RETURN_TYPE = YES_ERROR;
				GCC_WARN_UNDECLARED_SELECTOR = YES;
				GCC_WARN_UNINITIALIZED_AUTOS = YES_AGGRESSIVE;
				GCC_WARN_UNUSED_FUNCTION = YES;
				GCC_WARN_UNUSED_VARIABLE = YES;
				IPHONEOS_DEPLOYMENT_TARGET = 16.4;
				MTL_ENABLE_DEBUG_INFO = NO;
				MTL_FAST_MATH = YES;
				SDKROOT = iphoneos;
				SWIFT_COMPILATION_MODE = wholemodule;
				SWIFT_OPTIMIZATION_LEVEL = "-O";
				VALIDATE_PRODUCT = YES;
			};
			name = Release;
		};
		9AFA213C29F76A9C0070BA3E /* Debug */ = {
			isa = XCBuildConfiguration;
			buildSettings = {
				ASSETCATALOG_COMPILER_APPICON_NAME = AppIcon;
				ASSETCATALOG_COMPILER_GLOBAL_ACCENT_COLOR_NAME = AccentColor;
				CODE_SIGN_STYLE = Automatic;
				CURRENT_PROJECT_VERSION = 1;
				DEVELOPMENT_ASSET_PATHS = "\"Cashflow/Preview Content\"";
				DEVELOPMENT_TEAM = MFMACZGUH7;
				ENABLE_PREVIEWS = YES;
				GENERATE_INFOPLIST_FILE = YES;
				INFOPLIST_KEY_UIApplicationSceneManifest_Generation = YES;
				INFOPLIST_KEY_UIApplicationSupportsIndirectInputEvents = YES;
				INFOPLIST_KEY_UILaunchScreen_Generation = YES;
				INFOPLIST_KEY_UISupportedInterfaceOrientations_iPad = "UIInterfaceOrientationPortrait UIInterfaceOrientationPortraitUpsideDown UIInterfaceOrientationLandscapeLeft UIInterfaceOrientationLandscapeRight";
				INFOPLIST_KEY_UISupportedInterfaceOrientations_iPhone = "UIInterfaceOrientationPortrait UIInterfaceOrientationLandscapeLeft UIInterfaceOrientationLandscapeRight";
				LD_RUNPATH_SEARCH_PATHS = (
					"$(inherited)",
					"@executable_path/Frameworks",
				);
				MARKETING_VERSION = 1.0;
				PRODUCT_BUNDLE_IDENTIFIER = dev.zequn.Cashflow;
				PRODUCT_NAME = "$(TARGET_NAME)";
				SWIFT_EMIT_LOC_STRINGS = YES;
				SWIFT_VERSION = 5.0;
				TARGETED_DEVICE_FAMILY = "1,2";
			};
			name = Debug;
		};
		9AFA213D29F76A9C0070BA3E /* Release */ = {
			isa = XCBuildConfiguration;
			buildSettings = {
				ASSETCATALOG_COMPILER_APPICON_NAME = AppIcon;
				ASSETCATALOG_COMPILER_GLOBAL_ACCENT_COLOR_NAME = AccentColor;
				CODE_SIGN_STYLE = Automatic;
				CURRENT_PROJECT_VERSION = 1;
				DEVELOPMENT_ASSET_PATHS = "\"Cashflow/Preview Content\"";
				DEVELOPMENT_TEAM = MFMACZGUH7;
				ENABLE_PREVIEWS = YES;
				GENERATE_INFOPLIST_FILE = YES;
				INFOPLIST_KEY_UIApplicationSceneManifest_Generation = YES;
				INFOPLIST_KEY_UIApplicationSupportsIndirectInputEvents = YES;
				INFOPLIST_KEY_UILaunchScreen_Generation = YES;
				INFOPLIST_KEY_UISupportedInterfaceOrientations_iPad = "UIInterfaceOrientationPortrait UIInterfaceOrientationPortraitUpsideDown UIInterfaceOrientationLandscapeLeft UIInterfaceOrientationLandscapeRight";
				INFOPLIST_KEY_UISupportedInterfaceOrientations_iPhone = "UIInterfaceOrientationPortrait UIInterfaceOrientationLandscapeLeft UIInterfaceOrientationLandscapeRight";
				LD_RUNPATH_SEARCH_PATHS = (
					"$(inherited)",
					"@executable_path/Frameworks",
				);
				MARKETING_VERSION = 1.0;
				PRODUCT_BUNDLE_IDENTIFIER = dev.zequn.Cashflow;
				PRODUCT_NAME = "$(TARGET_NAME)";
				SWIFT_EMIT_LOC_STRINGS = YES;
				SWIFT_VERSION = 5.0;
				TARGETED_DEVICE_FAMILY = "1,2";
			};
			name = Release;
		};
/* End XCBuildConfiguration section */

/* Begin XCConfigurationList section */
		9AFA212829F76A9A0070BA3E /* Build configuration list for PBXProject "Cashflow" */ = {
			isa = XCConfigurationList;
			buildConfigurations = (
				9AFA213929F76A9C0070BA3E /* Debug */,
				9AFA213A29F76A9C0070BA3E /* Release */,
			);
			defaultConfigurationIsVisible = 0;
			defaultConfigurationName = Release;
		};
		9AFA213B29F76A9C0070BA3E /* Build configuration list for PBXNativeTarget "Cashflow" */ = {
			isa = XCConfigurationList;
			buildConfigurations = (
				9AFA213C29F76A9C0070BA3E /* Debug */,
				9AFA213D29F76A9C0070BA3E /* Release */,
			);
			defaultConfigurationIsVisible = 0;
			defaultConfigurationName = Release;
		};
/* End XCConfigurationList section */

/* Begin XCRemoteSwiftPackageReference section */
		9AFA214629F8A5BF0070BA3E /* XCRemoteSwiftPackageReference "SwiftUIFontIcon" */ = {
			isa = XCRemoteSwiftPackageReference;
			repositoryURL = "https://github.com/huybuidac/SwiftUIFontIcon";
			requirement = {
				branch = master;
				kind = branch;
			};
		};
		9AFA214F29FB35FB0070BA3E /* XCRemoteSwiftPackageReference "swift-collections" */ = {
			isa = XCRemoteSwiftPackageReference;
			repositoryURL = "https://github.com/apple/swift-collections.git";
			requirement = {
				kind = upToNextMajorVersion;
				minimumVersion = 1.0.4;
			};
		};
		9AFA215229FB37710070BA3E /* XCRemoteSwiftPackageReference "ChartView" */ = {
			isa = XCRemoteSwiftPackageReference;
			repositoryURL = "https://github.com/AppPear/ChartView";
			requirement = {
				kind = exactVersion;
				version = "2.0.0-beta.2";
			};
		};
/* End XCRemoteSwiftPackageReference section */

/* Begin XCSwiftPackageProductDependency section */
		9AFA214729F8A5BF0070BA3E /* SwiftUIFontIcon */ = {
			isa = XCSwiftPackageProductDependency;
			package = 9AFA214629F8A5BF0070BA3E /* XCRemoteSwiftPackageReference "SwiftUIFontIcon" */;
			productName = SwiftUIFontIcon;
		};
		9AFA215029FB35FB0070BA3E /* Collections */ = {
			isa = XCSwiftPackageProductDependency;
			package = 9AFA214F29FB35FB0070BA3E /* XCRemoteSwiftPackageReference "swift-collections" */;
			productName = Collections;
		};
		9AFA215329FB37710070BA3E /* SwiftUICharts */ = {
			isa = XCSwiftPackageProductDependency;
			package = 9AFA215229FB37710070BA3E /* XCRemoteSwiftPackageReference "ChartView" */;
			productName = SwiftUICharts;
		};
/* End XCSwiftPackageProductDependency section */
	};
	rootObject = 9AFA212529F76A9A0070BA3E /* Project object */;
}
